
Microsoft Visual Studio Solution File, Format Version 12.00
# Visual Studio Version 17
VisualStudioVersion = 17.2.32516.85
MinimumVisualStudioVersion = 10.0.40219.1
Project("{FAE04EC0-301F-11D3-BF4B-00C04F79EFBC}") = "YYYSmallGame", "YYYSmallGame\YYYSmallGame.csproj", "{1A19D661-854F-4DFC-84E9-BD7820892236}"
EndProject
Global
	GlobalSection(SolutionConfigurationPlatforms) = preSolution
		Debug|Any CPU = Debug|Any CPU
		Release|Any CPU = Release|Any CPU
	EndGlobalSection
	GlobalSection(ProjectConfigurationPlatforms) = postSolution
		{1A19D661-854F-4DFC-84E9-BD7820892236}.Debug|Any CPU.ActiveCfg = Debug|Any CPU
		{1A19D661-854F-4DFC-84E9-BD7820892236}.Debug|Any CPU.Build.0 = Debug|Any CPU
		{1A19D661-854F-4DFC-84E9-BD7820892236}.Release|Any CPU.ActiveCfg = Release|Any CPU
		{1A19D661-854F-4DFC-84E9-BD7820892236}.Release|Any CPU.Build.0 = Release|Any CPU
	EndGlobalSection
	GlobalSection(SolutionProperties) = preSolution
		HideSolutionNode = FALSE
	EndGlobalSection
	GlobalSection(ExtensibilityGlobals) = postSolution
		SolutionGuid = {79C0D4E8-A60A-498D-9598-C2CF8BA1BC28}
	EndGlobalSection
EndGlobal
